// !$*UTF8*$!
{
	archiveVersion = 1;
	classes = {
	};
	objectVersion = 50;
	objects = {

/* Begin PBXBuildFile section */
		24A5830D21E78136009E6580 /* AppDelegate.swift in Sources */ = {isa = PBXBuildFile; fileRef = 24A5830C21E78136009E6580 /* AppDelegate.swift */; };
		24A5830F21E78136009E6580 /* FirstViewController.swift in Sources */ = {isa = PBXBuildFile; fileRef = 24A5830E21E78136009E6580 /* FirstViewController.swift */; };
		24A5831121E78136009E6580 /* SecondViewController.swift in Sources */ = {isa = PBXBuildFile; fileRef = 24A5831021E78136009E6580 /* SecondViewController.swift */; };
		24A5831421E78136009E6580 /* Main.storyboard in Resources */ = {isa = PBXBuildFile; fileRef = 24A5831221E78136009E6580 /* Main.storyboard */; };
		24A5831621E78138009E6580 /* Assets.xcassets in Resources */ = {isa = PBXBuildFile; fileRef = 24A5831521E78138009E6580 /* Assets.xcassets */; };
		24A5831921E78138009E6580 /* LaunchScreen.storyboard in Resources */ = {isa = PBXBuildFile; fileRef = 24A5831721E78138009E6580 /* LaunchScreen.storyboard */; };
		24A5832421E78139009E6580 /* TabbedAppTests.swift in Sources */ = {isa = PBXBuildFile; fileRef = 24A5832321E78139009E6580 /* TabbedAppTests.swift */; };
		24A5832F21E78139009E6580 /* TabbedAppUITests.swift in Sources */ = {isa = PBXBuildFile; fileRef = 24A5832E21E78139009E6580 /* TabbedAppUITests.swift */; };
		24C637D521ED6A77003AB5E6 /* ThirdViewController.swift in Sources */ = {isa = PBXBuildFile; fileRef = 24C637D421ED6A77003AB5E6 /* ThirdViewController.swift */; };
/* End PBXBuildFile section */

/* Begin PBXContainerItemProxy section */
		24A5832021E78139009E6580 /* PBXContainerItemProxy */ = {
			isa = PBXContainerItemProxy;
			containerPortal = 24A5830121E78136009E6580 /* Project object */;
			proxyType = 1;
			remoteGlobalIDString = 24A5830821E78136009E6580;
			remoteInfo = TabbedApp;
		};
		24A5832B21E78139009E6580 /* PBXContainerItemProxy */ = {
			isa = PBXContainerItemProxy;
			containerPortal = 24A5830121E78136009E6580 /* Project object */;
			proxyType = 1;
			remoteGlobalIDString = 24A5830821E78136009E6580;
			remoteInfo = TabbedApp;
		};
/* End PBXContainerItemProxy section */

/* Begin PBXFileReference section */
		24A5830921E78136009E6580 /* TabbedApp.app */ = {isa = PBXFileReference; explicitFileType = wrapper.application; includeInIndex = 0; path = TabbedApp.app; sourceTree = BUILT_PRODUCTS_DIR; };
		24A5830C21E78136009E6580 /* AppDelegate.swift */ = {isa = PBXFileReference; lastKnownFileType = sourcecode.swift; path = AppDelegate.swift; sourceTree = "<group>"; };
		24A5830E21E78136009E6580 /* FirstViewController.swift */ = {isa = PBXFileReference; lastKnownFileType = sourcecode.swift; path = FirstViewController.swift; sourceTree = "<group>"; };
		24A5831021E78136009E6580 /* SecondViewController.swift */ = {isa = PBXFileReference; lastKnownFileType = sourcecode.swift; path = SecondViewController.swift; sourceTree = "<group>"; };
		24A5831321E78136009E6580 /* Base */ = {isa = PBXFileReference; lastKnownFileType = file.storyboard; name = Base; path = Base.lproj/Main.storyboard; sourceTree = "<group>"; };
		24A5831521E78138009E6580 /* Assets.xcassets */ = {isa = PBXFileReference; lastKnownFileType = folder.assetcatalog; path = Assets.xcassets; sourceTree = "<group>"; };
		24A5831821E78138009E6580 /* Base */ = {isa = PBXFileReference; lastKnownFileType = file.storyboard; name = Base; path = Base.lproj/LaunchScreen.storyboard; sourceTree = "<group>"; };
		24A5831A21E78138009E6580 /* Info.plist */ = {isa = PBXFileReference; lastKnownFileType = text.plist.xml; path = Info.plist; sourceTree = "<group>"; };
		24A5831F21E78139009E6580 /* TabbedAppTests.xctest */ = {isa = PBXFileReference; explicitFileType = wrapper.cfbundle; includeInIndex = 0; path = TabbedAppTests.xctest; sourceTree = BUILT_PRODUCTS_DIR; };
		24A5832321E78139009E6580 /* TabbedAppTests.swift */ = {isa = PBXFileReference; lastKnownFileType = sourcecode.swift; path = TabbedAppTests.swift; sourceTree = "<group>"; };
		24A5832521E78139009E6580 /* Info.plist */ = {isa = PBXFileReference; lastKnownFileType = text.plist.xml; path = Info.plist; sourceTree = "<group>"; };
		24A5832A21E78139009E6580 /* TabbedAppUITests.xctest */ = {isa = PBXFileReference; explicitFileType = wrapper.cfbundle; includeInIndex = 0; path = TabbedAppUITests.xctest; sourceTree = BUILT_PRODUCTS_DIR; };
		24A5832E21E78139009E6580 /* TabbedAppUITests.swift */ = {isa = PBXFileReference; lastKnownFileType = sourcecode.swift; path = TabbedAppUITests.swift; sourceTree = "<group>"; };
		24A5833021E78139009E6580 /* Info.plist */ = {isa = PBXFileReference; lastKnownFileType = text.plist.xml; path = Info.plist; sourceTree = "<group>"; };
		24C637D421ED6A77003AB5E6 /* ThirdViewController.swift */ = {isa = PBXFileReference; lastKnownFileType = sourcecode.swift; path = ThirdViewController.swift; sourceTree = "<group>"; };
/* End PBXFileReference section */

/* Begin PBXFrameworksBuildPhase section */
		24A5830621E78136009E6580 /* Frameworks */ = {
			isa = PBXFrameworksBuildPhase;
			buildActionMask = 2147483647;
			files = (
			);
			runOnlyForDeploymentPostprocessing = 0;
		};
		24A5831C21E78139009E6580 /* Frameworks */ = {
			isa = PBXFrameworksBuildPhase;
			buildActionMask = 2147483647;
			files = (
			);
			runOnlyForDeploymentPostprocessing = 0;
		};
		24A5832721E78139009E6580 /* Frameworks */ = {
			isa = PBXFrameworksBuildPhase;
			buildActionMask = 2147483647;
			files = (
			);
			runOnlyForDeploymentPostprocessing = 0;
		};
/* End PBXFrameworksBuildPhase section */

/* Begin PBXGroup section */
		24A5830021E78136009E6580 = {
			isa = PBXGroup;
			children = (
				24A5830B21E78136009E6580 /* TabbedApp */,
				24A5832221E78139009E6580 /* TabbedAppTests */,
				24A5832D21E78139009E6580 /* TabbedAppUITests */,
				24A5830A21E78136009E6580 /* Products */,
			);
			sourceTree = "<group>";
		};
		24A5830A21E78136009E6580 /* Products */ = {
			isa = PBXGroup;
			children = (
				24A5830921E78136009E6580 /* TabbedApp.app */,
				24A5831F21E78139009E6580 /* TabbedAppTests.xctest */,
				24A5832A21E78139009E6580 /* TabbedAppUITests.xctest */,
			);
			name = Products;
			sourceTree = "<group>";
		};
		24A5830B21E78136009E6580 /* TabbedApp */ = {
			isa = PBXGroup;
			children = (
				24A5830C21E78136009E6580 /* AppDelegate.swift */,
				24A5830E21E78136009E6580 /* FirstViewController.swift */,
				24A5831021E78136009E6580 /* SecondViewController.swift */,
				24C637D421ED6A77003AB5E6 /* ThirdViewController.swift */,
				24A5831221E78136009E6580 /* Main.storyboard */,
				24A5831521E78138009E6580 /* Assets.xcassets */,
				24A5831721E78138009E6580 /* LaunchScreen.storyboard */,
				24A5831A21E78138009E6580 /* Info.plist */,
			);
			path = TabbedApp;
			sourceTree = "<group>";
		};
		24A5832221E78139009E6580 /* TabbedAppTests */ = {
			isa = PBXGroup;
			children = (
				24A5832321E78139009E6580 /* TabbedAppTests.swift */,
				24A5832521E78139009E6580 /* Info.plist */,
			);
			path = TabbedAppTests;
			sourceTree = "<group>";
		};
		24A5832D21E78139009E6580 /* TabbedAppUITests */ = {
			isa = PBXGroup;
			children = (
				24A5832E21E78139009E6580 /* TabbedAppUITests.swift */,
				24A5833021E78139009E6580 /* Info.plist */,
			);
			path = TabbedAppUITests;
			sourceTree = "<group>";
		};
/* End PBXGroup section */

/* Begin PBXNativeTarget section */
		24A5830821E78136009E6580 /* TabbedApp */ = {
			isa = PBXNativeTarget;
			buildConfigurationList = 24A5833321E78139009E6580 /* Build configuration list for PBXNativeTarget "TabbedApp" */;
			buildPhases = (
				24A5830521E78136009E6580 /* Sources */,
				24A5830621E78136009E6580 /* Frameworks */,
				24A5830721E78136009E6580 /* Resources */,
			);
			buildRules = (
			);
			dependencies = (
			);
			name = TabbedApp;
			productName = TabbedApp;
			productReference = 24A5830921E78136009E6580 /* TabbedApp.app */;
			productType = "com.apple.product-type.application";
		};
		24A5831E21E78139009E6580 /* TabbedAppTests */ = {
			isa = PBXNativeTarget;
			buildConfigurationList = 24A5833621E78139009E6580 /* Build configuration list for PBXNativeTarget "TabbedAppTests" */;
			buildPhases = (
				24A5831B21E78139009E6580 /* Sources */,
				24A5831C21E78139009E6580 /* Frameworks */,
				24A5831D21E78139009E6580 /* Resources */,
			);
			buildRules = (
			);
			dependencies = (
				24A5832121E78139009E6580 /* PBXTargetDependency */,
			);
			name = TabbedAppTests;
			productName = TabbedAppTests;
			productReference = 24A5831F21E78139009E6580 /* TabbedAppTests.xctest */;
			productType = "com.apple.product-type.bundle.unit-test";
		};
		24A5832921E78139009E6580 /* TabbedAppUITests */ = {
			isa = PBXNativeTarget;
			buildConfigurationList = 24A5833921E78139009E6580 /* Build configuration list for PBXNativeTarget "TabbedAppUITests" */;
			buildPhases = (
				24A5832621E78139009E6580 /* Sources */,
				24A5832721E78139009E6580 /* Frameworks */,
				24A5832821E78139009E6580 /* Resources */,
			);
			buildRules = (
			);
			dependencies = (
				24A5832C21E78139009E6580 /* PBXTargetDependency */,
			);
			name = TabbedAppUITests;
			productName = TabbedAppUITests;
			productReference = 24A5832A21E78139009E6580 /* TabbedAppUITests.xctest */;
			productType = "com.apple.product-type.bundle.ui-testing";
		};
/* End PBXNativeTarget section */

/* Begin PBXProject section */
		24A5830121E78136009E6580 /* Project object */ = {
			isa = PBXProject;
			attributes = {
				LastSwiftUpdateCheck = 1010;
				LastUpgradeCheck = 1010;
				ORGANIZATIONNAME = "Allen Lab";
				TargetAttributes = {
					24A5830821E78136009E6580 = {
						CreatedOnToolsVersion = 10.1;
					};
					24A5831E21E78139009E6580 = {
						CreatedOnToolsVersion = 10.1;
						TestTargetID = 24A5830821E78136009E6580;
					};
					24A5832921E78139009E6580 = {
						CreatedOnToolsVersion = 10.1;
						TestTargetID = 24A5830821E78136009E6580;
					};
				};
			};
			buildConfigurationList = 24A5830421E78136009E6580 /* Build configuration list for PBXProject "TabbedApp" */;
			compatibilityVersion = "Xcode 9.3";
			developmentRegion = en;
			hasScannedForEncodings = 0;
			knownRegions = (
				en,
				Base,
			);
			mainGroup = 24A5830021E78136009E6580;
			productRefGroup = 24A5830A21E78136009E6580 /* Products */;
			projectDirPath = "";
			projectRoot = "";
			targets = (
				24A5830821E78136009E6580 /* TabbedApp */,
				24A5831E21E78139009E6580 /* TabbedAppTests */,
				24A5832921E78139009E6580 /* TabbedAppUITests */,
			);
		};
/* End PBXProject section */

/* Begin PBXResourcesBuildPhase section */
		24A5830721E78136009E6580 /* Resources */ = {
			isa = PBXResourcesBuildPhase;
			buildActionMask = 2147483647;
			files = (
				24A5831921E78138009E6580 /* LaunchScreen.storyboard in Resources */,
				24A5831621E78138009E6580 /* Assets.xcassets in Resources */,
				24A5831421E78136009E6580 /* Main.storyboard in Resources */,
			);
			runOnlyForDeploymentPostprocessing = 0;
		};
		24A5831D21E78139009E6580 /* Resources */ = {
			isa = PBXResourcesBuildPhase;
			buildActionMask = 2147483647;
			files = (
			);
			runOnlyForDeploymentPostprocessing = 0;
		};
		24A5832821E78139009E6580 /* Resources */ = {
			isa = PBXResourcesBuildPhase;
			buildActionMask = 2147483647;
			files = (
			);
			runOnlyForDeploymentPostprocessing = 0;
		};
/* End PBXResourcesBuildPhase section */

/* Begin PBXSourcesBuildPhase section */
		24A5830521E78136009E6580 /* Sources */ = {
			isa = PBXSourcesBuildPhase;
			buildActionMask = 2147483647;
			files = (
				24A5831121E78136009E6580 /* SecondViewController.swift in Sources */,
				24A5830D21E78136009E6580 /* AppDelegate.swift in Sources */,
				24C637D521ED6A77003AB5E6 /* ThirdViewController.swift in Sources */,
				24A5830F21E78136009E6580 /* FirstViewController.swift in Sources */,
			);
			runOnlyForDeploymentPostprocessing = 0;
		};
		24A5831B21E78139009E6580 /* Sources */ = {
			isa = PBXSourcesBuildPhase;
			buildActionMask = 2147483647;
			files = (
				24A5832421E78139009E6580 /* TabbedAppTests.swift in Sources */,
			);
			runOnlyForDeploymentPostprocessing = 0;
		};
		24A5832621E78139009E6580 /* Sources */ = {
			isa = PBXSourcesBuildPhase;
			buildActionMask = 2147483647;
			files = (
				24A5832F21E78139009E6580 /* TabbedAppUITests.swift in Sources */,
			);
			runOnlyForDeploymentPostprocessing = 0;
		};
/* End PBXSourcesBuildPhase section */

/* Begin PBXTargetDependency section */
		24A5832121E78139009E6580 /* PBXTargetDependency */ = {
			isa = PBXTargetDependency;
			target = 24A5830821E78136009E6580 /* TabbedApp */;
			targetProxy = 24A5832021E78139009E6580 /* PBXContainerItemProxy */;
		};
		24A5832C21E78139009E6580 /* PBXTargetDependency */ = {
			isa = PBXTargetDependency;
			target = 24A5830821E78136009E6580 /* TabbedApp */;
			targetProxy = 24A5832B21E78139009E6580 /* PBXContainerItemProxy */;
		};
/* End PBXTargetDependency section */

/* Begin PBXVariantGroup section */
		24A5831221E78136009E6580 /* Main.storyboard */ = {
			isa = PBXVariantGroup;
			children = (
				24A5831321E78136009E6580 /* Base */,
			);
			name = Main.storyboard;
			sourceTree = "<group>";
		};
		24A5831721E78138009E6580 /* LaunchScreen.storyboard */ = {
			isa = PBXVariantGroup;
			children = (
				24A5831821E78138009E6580 /* Base */,
			);
			name = LaunchScreen.storyboard;
			sourceTree = "<group>";
		};
/* End PBXVariantGroup section */

/* Begin XCBuildConfiguration section */
		24A5833121E78139009E6580 /* Debug */ = {
			isa = XCBuildConfiguration;
			buildSettings = {
				ALWAYS_SEARCH_USER_PATHS = NO;
				CLANG_ANALYZER_NONNULL = YES;
				CLANG_ANALYZER_NUMBER_OBJECT_CONVERSION = YES_AGGRESSIVE;
				CLANG_CXX_LANGUAGE_STANDARD = "gnu++14";
				CLANG_CXX_LIBRARY = "libc++";
				CLANG_ENABLE_MODULES = YES;
				CLANG_ENABLE_OBJC_ARC = YES;
				CLANG_ENABLE_OBJC_WEAK = YES;
				CLANG_WARN_BLOCK_CAPTURE_AUTORELEASING = YES;
				CLANG_WARN_BOOL_CONVERSION = YES;
				CLANG_WARN_COMMA = YES;
				CLANG_WARN_CONSTANT_CONVERSION = YES;
				CLANG_WARN_DEPRECATED_OBJC_IMPLEMENTATIONS = YES;
				CLANG_WARN_DIRECT_OBJC_ISA_USAGE = YES_ERROR;
				CLANG_WARN_DOCUMENTATION_COMMENTS = YES;
				CLANG_WARN_EMPTY_BODY = YES;
				CLANG_WARN_ENUM_CONVERSION = YES;
				CLANG_WARN_INFINITE_RECURSION = YES;
				CLANG_WARN_INT_CONVERSION = YES;
				CLANG_WARN_NON_LITERAL_NULL_CONVERSION = YES;
				CLANG_WARN_OBJC_IMPLICIT_RETAIN_SELF = YES;
				CLANG_WARN_OBJC_LITERAL_CONVERSION = YES;
				CLANG_WARN_OBJC_ROOT_CLASS = YES_ERROR;
				CLANG_WARN_RANGE_LOOP_ANALYSIS = YES;
				CLANG_WARN_STRICT_PROTOTYPES = YES;
				CLANG_WARN_SUSPICIOUS_MOVE = YES;
				CLANG_WARN_UNGUARDED_AVAILABILITY = YES_AGGRESSIVE;
				CLANG_WARN_UNREACHABLE_CODE = YES;
				CLANG_WARN__DUPLICATE_METHOD_MATCH = YES;
				CODE_SIGN_IDENTITY = "iPhone Developer";
				COPY_PHASE_STRIP = NO;
				DEBUG_INFORMATION_FORMAT = dwarf;
				ENABLE_STRICT_OBJC_MSGSEND = YES;
				ENABLE_TESTABILITY = YES;
				GCC_C_LANGUAGE_STANDARD = gnu11;
				GCC_DYNAMIC_NO_PIC = NO;
				GCC_NO_COMMON_BLOCKS = YES;
				GCC_OPTIMIZATION_LEVEL = 0;
				GCC_PREPROCESSOR_DEFINITIONS = (
					"DEBUG=1",
					"$(inherited)",
				);
				GCC_WARN_64_TO_32_BIT_CONVERSION = YES;
				GCC_WARN_ABOUT_RETURN_TYPE = YES_ERROR;
				GCC_WARN_UNDECLARED_SELECTOR = YES;
				GCC_WARN_UNINITIALIZED_AUTOS = YES_AGGRESSIVE;
				GCC_WARN_UNUSED_FUNCTION = YES;
				GCC_WARN_UNUSED_VARIABLE = YES;
				IPHONEOS_DEPLOYMENT_TARGET = 12.1;
				MTL_ENABLE_DEBUG_INFO = INCLUDE_SOURCE;
				MTL_FAST_MATH = YES;
				ONLY_ACTIVE_ARCH = YES;
				SDKROOT = iphoneos;
				SWIFT_ACTIVE_COMPILATION_CONDITIONS = DEBUG;
				SWIFT_OPTIMIZATION_LEVEL = "-Onone";
			};
			name = Debug;
		};
		24A5833221E78139009E6580 /* Release */ = {
			isa = XCBuildConfiguration;
			buildSettings = {
				ALWAYS_SEARCH_USER_PATHS = NO;
				CLANG_ANALYZER_NONNULL = YES;
				CLANG_ANALYZER_NUMBER_OBJECT_CONVERSION = YES_AGGRESSIVE;
				CLANG_CXX_LANGUAGE_STANDARD = "gnu++14";
				CLANG_CXX_LIBRARY = "libc++";
				CLANG_ENABLE_MODULES = YES;
				CLANG_ENABLE_OBJC_ARC = YES;
				CLANG_ENABLE_OBJC_WEAK = YES;
				CLANG_WARN_BLOCK_CAPTURE_AUTORELEASING = YES;
				CLANG_WARN_BOOL_CONVERSION = YES;
				CLANG_WARN_COMMA = YES;
				CLANG_WARN_CONSTANT_CONVERSION = YES;
				CLANG_WARN_DEPRECATED_OBJC_IMPLEMENTATIONS = YES;
				CLANG_WARN_DIRECT_OBJC_ISA_USAGE = YES_ERROR;
				CLANG_WARN_DOCUMENTATION_COMMENTS = YES;
				CLANG_WARN_EMPTY_BODY = YES;
				CLANG_WARN_ENUM_CONVERSION = YES;
				CLANG_WARN_INFINITE_RECURSION = YES;
				CLANG_WARN_INT_CONVERSION = YES;
				CLANG_WARN_NON_LITERAL_NULL_CONVERSION = YES;
				CLANG_WARN_OBJC_IMPLICIT_RETAIN_SELF = YES;
				CLANG_WARN_OBJC_LITERAL_CONVERSION = YES;
				CLANG_WARN_OBJC_ROOT_CLASS = YES_ERROR;
				CLANG_WARN_RANGE_LOOP_ANALYSIS = YES;
				CLANG_WARN_STRICT_PROTOTYPES = YES;
				CLANG_WARN_SUSPICIOUS_MOVE = YES;
				CLANG_WARN_UNGUARDED_AVAILABILITY = YES_AGGRESSIVE;
				CLANG_WARN_UNREACHABLE_CODE = YES;
				CLANG_WARN__DUPLICATE_METHOD_MATCH = YES;
				CODE_SIGN_IDENTITY = "iPhone Developer";
				COPY_PHASE_STRIP = NO;
				DEBUG_INFORMATION_FORMAT = "dwarf-with-dsym";
				ENABLE_NS_ASSERTIONS = NO;
				ENABLE_STRICT_OBJC_MSGSEND = YES;
				GCC_C_LANGUAGE_STANDARD = gnu11;
				GCC_NO_COMMON_BLOCKS = YES;
				GCC_WARN_64_TO_32_BIT_CONVERSION = YES;
				GCC_WARN_ABOUT_RETURN_TYPE = YES_ERROR;
				GCC_WARN_UNDECLARED_SELECTOR = YES;
				GCC_WARN_UNINITIALIZED_AUTOS = YES_AGGRESSIVE;
				GCC_WARN_UNUSED_FUNCTION = YES;
				GCC_WARN_UNUSED_VARIABLE = YES;
				IPHONEOS_DEPLOYMENT_TARGET = 12.1;
				MTL_ENABLE_DEBUG_INFO = NO;
				MTL_FAST_MATH = YES;
				SDKROOT = iphoneos;
				SWIFT_COMPILATION_MODE = wholemodule;
				SWIFT_OPTIMIZATION_LEVEL = "-O";
				VALIDATE_PRODUCT = YES;
			};
			name = Release;
		};
		24A5833421E78139009E6580 /* Debug */ = {
			isa = XCBuildConfiguration;
			buildSettings = {
				ASSETCATALOG_COMPILER_APPICON_NAME = AppIcon;
				CODE_SIGN_STYLE = Automatic;
				DEVELOPMENT_TEAM = 42XU2434XC;
				INFOPLIST_FILE = TabbedApp/Info.plist;
				LD_RUNPATH_SEARCH_PATHS = (
					"$(inherited)",
					"@executable_path/Frameworks",
				);
				PRODUCT_BUNDLE_IDENTIFIER = com.wong.TabbedApp;
				PRODUCT_NAME = "$(TARGET_NAME)";
				SWIFT_VERSION = 4.2;
				TARGETED_DEVICE_FAMILY = "1,2";
			};
			name = Debug;
		};
		24A5833521E78139009E6580 /* Release */ = {
			isa = XCBuildConfiguration;
			buildSettings = {
				ASSETCATALOG_COMPILER_APPICON_NAME = AppIcon;
				CODE_SIGN_STYLE = Automatic;
				DEVELOPMENT_TEAM = 42XU2434XC;
				INFOPLIST_FILE = TabbedApp/Info.plist;
				LD_RUNPATH_SEARCH_PATHS = (
					"$(inherited)",
					"@executable_path/Frameworks",
				);
				PRODUCT_BUNDLE_IDENTIFIER = com.wong.TabbedApp;
				PRODUCT_NAME = "$(TARGET_NAME)";
				SWIFT_VERSION = 4.2;
				TARGETED_DEVICE_FAMILY = "1,2";
			};
			name = Release;
		};
		24A5833721E78139009E6580 /* Debug */ = {
			isa = XCBuildConfiguration;
			buildSettings = {
				ALWAYS_EMBED_SWIFT_STANDARD_LIBRARIES = YES;
				BUNDLE_LOADER = "$(TEST_HOST)";
				CODE_SIGN_STYLE = Automatic;
				INFOPLIST_FILE = TabbedAppTests/Info.plist;
				LD_RUNPATH_SEARCH_PATHS = (
					"$(inherited)",
					"@executable_path/Frameworks",
					"@loader_path/Frameworks",
				);
				PRODUCT_BUNDLE_IDENTIFIER = com.wong.TabbedAppTests;
				PRODUCT_NAME = "$(TARGET_NAME)";
				SWIFT_VERSION = 4.2;
				TARGETED_DEVICE_FAMILY = "1,2";
				TEST_HOST = "$(BUILT_PRODUCTS_DIR)/TabbedApp.app/TabbedApp";
			};
			name = Debug;
		};
		24A5833821E78139009E6580 /* Release */ = {
			isa = XCBuildConfiguration;
			buildSettings = {
				ALWAYS_EMBED_SWIFT_STANDARD_LIBRARIES = YES;
				BUNDLE_LOADER = "$(TEST_HOST)";
				CODE_SIGN_STYLE = Automatic;
				INFOPLIST_FILE = TabbedAppTests/Info.plist;
				LD_RUNPATH_SEARCH_PATHS = (
					"$(inherited)",
					"@executable_path/Frameworks",
					"@loader_path/Frameworks",
				);
				PRODUCT_BUNDLE_IDENTIFIER = com.wong.TabbedAppTests;
				PRODUCT_NAME = "$(TARGET_NAME)";
				SWIFT_VERSION = 4.2;
				TARGETED_DEVICE_FAMILY = "1,2";
				TEST_HOST = "$(BUILT_PRODUCTS_DIR)/TabbedApp.app/TabbedApp";
			};
			name = Release;
		};
		24A5833A21E78139009E6580 /* Debug */ = {
			isa = XCBuildConfiguration;
			buildSettings = {
				ALWAYS_EMBED_SWIFT_STANDARD_LIBRARIES = YES;
				CODE_SIGN_STYLE = Automatic;
				INFOPLIST_FILE = TabbedAppUITests/Info.plist;
				LD_RUNPATH_SEARCH_PATHS = (
					"$(inherited)",
					"@executable_path/Frameworks",
					"@loader_path/Frameworks",
				);
				PRODUCT_BUNDLE_IDENTIFIER = com.wong.TabbedAppUITests;
				PRODUCT_NAME = "$(TARGET_NAME)";
				SWIFT_VERSION = 4.2;
				TARGETED_DEVICE_FAMILY = "1,2";
				TEST_TARGET_NAME = TabbedApp;
			};
			name = Debug;
		};
		24A5833B21E78139009E6580 /* Release */ = {
			isa = XCBuildConfiguration;
			buildSettings = {
				ALWAYS_EMBED_SWIFT_STANDARD_LIBRARIES = YES;
				CODE_SIGN_STYLE = Automatic;
				INFOPLIST_FILE = TabbedAppUITests/Info.plist;
				LD_RUNPATH_SEARCH_PATHS = (
					"$(inherited)",
					"@executable_path/Frameworks",
					"@loader_path/Frameworks",
				);
				PRODUCT_BUNDLE_IDENTIFIER = com.wong.TabbedAppUITests;
				PRODUCT_NAME = "$(TARGET_NAME)";
				SWIFT_VERSION = 4.2;
				TARGETED_DEVICE_FAMILY = "1,2";
				TEST_TARGET_NAME = TabbedApp;
			};
			name = Release;
		};
/* End XCBuildConfiguration section */

/* Begin XCConfigurationList section */
		24A5830421E78136009E6580 /* Build configuration list for PBXProject "TabbedApp" */ = {
			isa = XCConfigurationList;
			buildConfigurations = (
				24A5833121E78139009E6580 /* Debug */,
				24A5833221E78139009E6580 /* Release */,
			);
			defaultConfigurationIsVisible = 0;
			defaultConfigurationName = Release;
		};
		24A5833321E78139009E6580 /* Build configuration list for PBXNativeTarget "TabbedApp" */ = {
			isa = XCConfigurationList;
			buildConfigurations = (
				24A5833421E78139009E6580 /* Debug */,
				24A5833521E78139009E6580 /* Release */,
			);
			defaultConfigurationIsVisible = 0;
			defaultConfigurationName = Release;
		};
		24A5833621E78139009E6580 /* Build configuration list for PBXNativeTarget "TabbedAppTests" */ = {
			isa = XCConfigurationList;
			buildConfigurations = (
				24A5833721E78139009E6580 /* Debug */,
				24A5833821E78139009E6580 /* Release */,
			);
			defaultConfigurationIsVisible = 0;
			defaultConfigurationName = Release;
		};
		24A5833921E78139009E6580 /* Build configuration list for PBXNativeTarget "TabbedAppUITests" */ = {
			isa = XCConfigurationList;
			buildConfigurations = (
				24A5833A21E78139009E6580 /* Debug */,
				24A5833B21E78139009E6580 /* Release */,
			);
			defaultConfigurationIsVisible = 0;
			defaultConfigurationName = Release;
		};
/* End XCConfigurationList section */
	};
	rootObject = 24A5830121E78136009E6580 /* Project object */;
}
