// !$*UTF8*$!
{
	archiveVersion = 1;
	classes = {
	};
	objectVersion = 50;
	objects = {

/* Begin PBXBuildFile section */
		24A5834921E9CF04009E6580 /* AppDelegate.swift in Sources */ = {isa = PBXBuildFile; fileRef = 24A5834821E9CF04009E6580 /* AppDelegate.swift */; };
		24A5834B21E9CF05009E6580 /* ViewController.swift in Sources */ = {isa = PBXBuildFile; fileRef = 24A5834A21E9CF05009E6580 /* ViewController.swift */; };
		24A5834E21E9CF05009E6580 /* Main.storyboard in Resources */ = {isa = PBXBuildFile; fileRef = 24A5834C21E9CF05009E6580 /* Main.storyboard */; };
		24A5835021E9CF07009E6580 /* Assets.xcassets in Resources */ = {isa = PBXBuildFile; fileRef = 24A5834F21E9CF07009E6580 /* Assets.xcassets */; };
		24A5835321E9CF07009E6580 /* LaunchScreen.storyboard in Resources */ = {isa = PBXBuildFile; fileRef = 24A5835121E9CF07009E6580 /* LaunchScreen.storyboard */; };
		24A5835E21E9CF07009E6580 /* NaviRootViewAppTests.swift in Sources */ = {isa = PBXBuildFile; fileRef = 24A5835D21E9CF07009E6580 /* NaviRootViewAppTests.swift */; };
		24A5836921E9CF07009E6580 /* NaviRootViewAppUITests.swift in Sources */ = {isa = PBXBuildFile; fileRef = 24A5836821E9CF07009E6580 /* NaviRootViewAppUITests.swift */; };
		24A5837721E9E2FC009E6580 /* DetailViewController.swift in Sources */ = {isa = PBXBuildFile; fileRef = 24A5837621E9E2FC009E6580 /* DetailViewController.swift */; };
/* End PBXBuildFile section */

/* Begin PBXContainerItemProxy section */
		24A5835A21E9CF07009E6580 /* PBXContainerItemProxy */ = {
			isa = PBXContainerItemProxy;
			containerPortal = 24A5833D21E9CF04009E6580 /* Project object */;
			proxyType = 1;
			remoteGlobalIDString = 24A5834421E9CF04009E6580;
			remoteInfo = NaviRootViewApp;
		};
		24A5836521E9CF07009E6580 /* PBXContainerItemProxy */ = {
			isa = PBXContainerItemProxy;
			containerPortal = 24A5833D21E9CF04009E6580 /* Project object */;
			proxyType = 1;
			remoteGlobalIDString = 24A5834421E9CF04009E6580;
			remoteInfo = NaviRootViewApp;
		};
/* End PBXContainerItemProxy section */

/* Begin PBXFileReference section */
		24A5834521E9CF04009E6580 /* NaviRootViewApp.app */ = {isa = PBXFileReference; explicitFileType = wrapper.application; includeInIndex = 0; path = NaviRootViewApp.app; sourceTree = BUILT_PRODUCTS_DIR; };
		24A5834821E9CF04009E6580 /* AppDelegate.swift */ = {isa = PBXFileReference; lastKnownFileType = sourcecode.swift; path = AppDelegate.swift; sourceTree = "<group>"; };
		24A5834A21E9CF05009E6580 /* ViewController.swift */ = {isa = PBXFileReference; lastKnownFileType = sourcecode.swift; path = ViewController.swift; sourceTree = "<group>"; };
		24A5834D21E9CF05009E6580 /* Base */ = {isa = PBXFileReference; lastKnownFileType = file.storyboard; name = Base; path = Base.lproj/Main.storyboard; sourceTree = "<group>"; };
		24A5834F21E9CF07009E6580 /* Assets.xcassets */ = {isa = PBXFileReference; lastKnownFileType = folder.assetcatalog; path = Assets.xcassets; sourceTree = "<group>"; };
		24A5835221E9CF07009E6580 /* Base */ = {isa = PBXFileReference; lastKnownFileType = file.storyboard; name = Base; path = Base.lproj/LaunchScreen.storyboard; sourceTree = "<group>"; };
		24A5835421E9CF07009E6580 /* Info.plist */ = {isa = PBXFileReference; lastKnownFileType = text.plist.xml; path = Info.plist; sourceTree = "<group>"; };
		24A5835921E9CF07009E6580 /* NaviRootViewAppTests.xctest */ = {isa = PBXFileReference; explicitFileType = wrapper.cfbundle; includeInIndex = 0; path = NaviRootViewAppTests.xctest; sourceTree = BUILT_PRODUCTS_DIR; };
		24A5835D21E9CF07009E6580 /* NaviRootViewAppTests.swift */ = {isa = PBXFileReference; lastKnownFileType = sourcecode.swift; path = NaviRootViewAppTests.swift; sourceTree = "<group>"; };
		24A5835F21E9CF07009E6580 /* Info.plist */ = {isa = PBXFileReference; lastKnownFileType = text.plist.xml; path = Info.plist; sourceTree = "<group>"; };
		24A5836421E9CF07009E6580 /* NaviRootViewAppUITests.xctest */ = {isa = PBXFileReference; explicitFileType = wrapper.cfbundle; includeInIndex = 0; path = NaviRootViewAppUITests.xctest; sourceTree = BUILT_PRODUCTS_DIR; };
		24A5836821E9CF07009E6580 /* NaviRootViewAppUITests.swift */ = {isa = PBXFileReference; lastKnownFileType = sourcecode.swift; path = NaviRootViewAppUITests.swift; sourceTree = "<group>"; };
		24A5836A21E9CF07009E6580 /* Info.plist */ = {isa = PBXFileReference; lastKnownFileType = text.plist.xml; path = Info.plist; sourceTree = "<group>"; };
		24A5837621E9E2FC009E6580 /* DetailViewController.swift */ = {isa = PBXFileReference; lastKnownFileType = sourcecode.swift; path = DetailViewController.swift; sourceTree = "<group>"; };
/* End PBXFileReference section */

/* Begin PBXFrameworksBuildPhase section */
		24A5834221E9CF04009E6580 /* Frameworks */ = {
			isa = PBXFrameworksBuildPhase;
			buildActionMask = 2147483647;
			files = (
			);
			runOnlyForDeploymentPostprocessing = 0;
		};
		24A5835621E9CF07009E6580 /* Frameworks */ = {
			isa = PBXFrameworksBuildPhase;
			buildActionMask = 2147483647;
			files = (
			);
			runOnlyForDeploymentPostprocessing = 0;
		};
		24A5836121E9CF07009E6580 /* Frameworks */ = {
			isa = PBXFrameworksBuildPhase;
			buildActionMask = 2147483647;
			files = (
			);
			runOnlyForDeploymentPostprocessing = 0;
		};
/* End PBXFrameworksBuildPhase section */

/* Begin PBXGroup section */
		24A5833C21E9CF04009E6580 = {
			isa = PBXGroup;
			children = (
				24A5834721E9CF04009E6580 /* NaviRootViewApp */,
				24A5835C21E9CF07009E6580 /* NaviRootViewAppTests */,
				24A5836721E9CF07009E6580 /* NaviRootViewAppUITests */,
				24A5834621E9CF04009E6580 /* Products */,
			);
			sourceTree = "<group>";
		};
		24A5834621E9CF04009E6580 /* Products */ = {
			isa = PBXGroup;
			children = (
				24A5834521E9CF04009E6580 /* NaviRootViewApp.app */,
				24A5835921E9CF07009E6580 /* NaviRootViewAppTests.xctest */,
				24A5836421E9CF07009E6580 /* NaviRootViewAppUITests.xctest */,
			);
			name = Products;
			sourceTree = "<group>";
		};
		24A5834721E9CF04009E6580 /* NaviRootViewApp */ = {
			isa = PBXGroup;
			children = (
				24A5834821E9CF04009E6580 /* AppDelegate.swift */,
				24A5834A21E9CF05009E6580 /* ViewController.swift */,
				24A5837621E9E2FC009E6580 /* DetailViewController.swift */,
				24A5834C21E9CF05009E6580 /* Main.storyboard */,
				24A5834F21E9CF07009E6580 /* Assets.xcassets */,
				24A5835121E9CF07009E6580 /* LaunchScreen.storyboard */,
				24A5835421E9CF07009E6580 /* Info.plist */,
			);
			path = NaviRootViewApp;
			sourceTree = "<group>";
		};
		24A5835C21E9CF07009E6580 /* NaviRootViewAppTests */ = {
			isa = PBXGroup;
			children = (
				24A5835D21E9CF07009E6580 /* NaviRootViewAppTests.swift */,
				24A5835F21E9CF07009E6580 /* Info.plist */,
			);
			path = NaviRootViewAppTests;
			sourceTree = "<group>";
		};
		24A5836721E9CF07009E6580 /* NaviRootViewAppUITests */ = {
			isa = PBXGroup;
			children = (
				24A5836821E9CF07009E6580 /* NaviRootViewAppUITests.swift */,
				24A5836A21E9CF07009E6580 /* Info.plist */,
			);
			path = NaviRootViewAppUITests;
			sourceTree = "<group>";
		};
/* End PBXGroup section */

/* Begin PBXNativeTarget section */
		24A5834421E9CF04009E6580 /* NaviRootViewApp */ = {
			isa = PBXNativeTarget;
			buildConfigurationList = 24A5836D21E9CF08009E6580 /* Build configuration list for PBXNativeTarget "NaviRootViewApp" */;
			buildPhases = (
				24A5834121E9CF04009E6580 /* Sources */,
				24A5834221E9CF04009E6580 /* Frameworks */,
				24A5834321E9CF04009E6580 /* Resources */,
			);
			buildRules = (
			);
			dependencies = (
			);
			name = NaviRootViewApp;
			productName = NaviRootViewApp;
			productReference = 24A5834521E9CF04009E6580 /* NaviRootViewApp.app */;
			productType = "com.apple.product-type.application";
		};
		24A5835821E9CF07009E6580 /* NaviRootViewAppTests */ = {
			isa = PBXNativeTarget;
			buildConfigurationList = 24A5837021E9CF08009E6580 /* Build configuration list for PBXNativeTarget "NaviRootViewAppTests" */;
			buildPhases = (
				24A5835521E9CF07009E6580 /* Sources */,
				24A5835621E9CF07009E6580 /* Frameworks */,
				24A5835721E9CF07009E6580 /* Resources */,
			);
			buildRules = (
			);
			dependencies = (
				24A5835B21E9CF07009E6580 /* PBXTargetDependency */,
			);
			name = NaviRootViewAppTests;
			productName = NaviRootViewAppTests;
			productReference = 24A5835921E9CF07009E6580 /* NaviRootViewAppTests.xctest */;
			productType = "com.apple.product-type.bundle.unit-test";
		};
		24A5836321E9CF07009E6580 /* NaviRootViewAppUITests */ = {
			isa = PBXNativeTarget;
			buildConfigurationList = 24A5837321E9CF08009E6580 /* Build configuration list for PBXNativeTarget "NaviRootViewAppUITests" */;
			buildPhases = (
				24A5836021E9CF07009E6580 /* Sources */,
				24A5836121E9CF07009E6580 /* Frameworks */,
				24A5836221E9CF07009E6580 /* Resources */,
			);
			buildRules = (
			);
			dependencies = (
				24A5836621E9CF07009E6580 /* PBXTargetDependency */,
			);
			name = NaviRootViewAppUITests;
			productName = NaviRootViewAppUITests;
			productReference = 24A5836421E9CF07009E6580 /* NaviRootViewAppUITests.xctest */;
			productType = "com.apple.product-type.bundle.ui-testing";
		};
/* End PBXNativeTarget section */

/* Begin PBXProject section */
		24A5833D21E9CF04009E6580 /* Project object */ = {
			isa = PBXProject;
			attributes = {
				LastSwiftUpdateCheck = 1010;
				LastUpgradeCheck = 1010;
				ORGANIZATIONNAME = "Allen Lab";
				TargetAttributes = {
					24A5834421E9CF04009E6580 = {
						CreatedOnToolsVersion = 10.1;
					};
					24A5835821E9CF07009E6580 = {
						CreatedOnToolsVersion = 10.1;
						TestTargetID = 24A5834421E9CF04009E6580;
					};
					24A5836321E9CF07009E6580 = {
						CreatedOnToolsVersion = 10.1;
						TestTargetID = 24A5834421E9CF04009E6580;
					};
				};
			};
			buildConfigurationList = 24A5834021E9CF04009E6580 /* Build configuration list for PBXProject "NaviRootViewApp" */;
			compatibilityVersion = "Xcode 9.3";
			developmentRegion = en;
			hasScannedForEncodings = 0;
			knownRegions = (
				en,
				Base,
			);
			mainGroup = 24A5833C21E9CF04009E6580;
			productRefGroup = 24A5834621E9CF04009E6580 /* Products */;
			projectDirPath = "";
			projectRoot = "";
			targets = (
				24A5834421E9CF04009E6580 /* NaviRootViewApp */,
				24A5835821E9CF07009E6580 /* NaviRootViewAppTests */,
				24A5836321E9CF07009E6580 /* NaviRootViewAppUITests */,
			);
		};
/* End PBXProject section */

/* Begin PBXResourcesBuildPhase section */
		24A5834321E9CF04009E6580 /* Resources */ = {
			isa = PBXResourcesBuildPhase;
			buildActionMask = 2147483647;
			files = (
				24A5835321E9CF07009E6580 /* LaunchScreen.storyboard in Resources */,
				24A5835021E9CF07009E6580 /* Assets.xcassets in Resources */,
				24A5834E21E9CF05009E6580 /* Main.storyboard in Resources */,
			);
			runOnlyForDeploymentPostprocessing = 0;
		};
		24A5835721E9CF07009E6580 /* Resources */ = {
			isa = PBXResourcesBuildPhase;
			buildActionMask = 2147483647;
			files = (
			);
			runOnlyForDeploymentPostprocessing = 0;
		};
		24A5836221E9CF07009E6580 /* Resources */ = {
			isa = PBXResourcesBuildPhase;
			buildActionMask = 2147483647;
			files = (
			);
			runOnlyForDeploymentPostprocessing = 0;
		};
/* End PBXResourcesBuildPhase section */

/* Begin PBXSourcesBuildPhase section */
		24A5834121E9CF04009E6580 /* Sources */ = {
			isa = PBXSourcesBuildPhase;
			buildActionMask = 2147483647;
			files = (
				24A5837721E9E2FC009E6580 /* DetailViewController.swift in Sources */,
				24A5834B21E9CF05009E6580 /* ViewController.swift in Sources */,
				24A5834921E9CF04009E6580 /* AppDelegate.swift in Sources */,
			);
			runOnlyForDeploymentPostprocessing = 0;
		};
		24A5835521E9CF07009E6580 /* Sources */ = {
			isa = PBXSourcesBuildPhase;
			buildActionMask = 2147483647;
			files = (
				24A5835E21E9CF07009E6580 /* NaviRootViewAppTests.swift in Sources */,
			);
			runOnlyForDeploymentPostprocessing = 0;
		};
		24A5836021E9CF07009E6580 /* Sources */ = {
			isa = PBXSourcesBuildPhase;
			buildActionMask = 2147483647;
			files = (
				24A5836921E9CF07009E6580 /* NaviRootViewAppUITests.swift in Sources */,
			);
			runOnlyForDeploymentPostprocessing = 0;
		};
/* End PBXSourcesBuildPhase section */

/* Begin PBXTargetDependency section */
		24A5835B21E9CF07009E6580 /* PBXTargetDependency */ = {
			isa = PBXTargetDependency;
			target = 24A5834421E9CF04009E6580 /* NaviRootViewApp */;
			targetProxy = 24A5835A21E9CF07009E6580 /* PBXContainerItemProxy */;
		};
		24A5836621E9CF07009E6580 /* PBXTargetDependency */ = {
			isa = PBXTargetDependency;
			target = 24A5834421E9CF04009E6580 /* NaviRootViewApp */;
			targetProxy = 24A5836521E9CF07009E6580 /* PBXContainerItemProxy */;
		};
/* End PBXTargetDependency section */

/* Begin PBXVariantGroup section */
		24A5834C21E9CF05009E6580 /* Main.storyboard */ = {
			isa = PBXVariantGroup;
			children = (
				24A5834D21E9CF05009E6580 /* Base */,
			);
			name = Main.storyboard;
			sourceTree = "<group>";
		};
		24A5835121E9CF07009E6580 /* LaunchScreen.storyboard */ = {
			isa = PBXVariantGroup;
			children = (
				24A5835221E9CF07009E6580 /* Base */,
			);
			name = LaunchScreen.storyboard;
			sourceTree = "<group>";
		};
/* End PBXVariantGroup section */

/* Begin XCBuildConfiguration section */
		24A5836B21E9CF08009E6580 /* Debug */ = {
			isa = XCBuildConfiguration;
			buildSettings = {
				ALWAYS_SEARCH_USER_PATHS = NO;
				CLANG_ANALYZER_NONNULL = YES;
				CLANG_ANALYZER_NUMBER_OBJECT_CONVERSION = YES_AGGRESSIVE;
				CLANG_CXX_LANGUAGE_STANDARD = "gnu++14";
				CLANG_CXX_LIBRARY = "libc++";
				CLANG_ENABLE_MODULES = YES;
				CLANG_ENABLE_OBJC_ARC = YES;
				CLANG_ENABLE_OBJC_WEAK = YES;
				CLANG_WARN_BLOCK_CAPTURE_AUTORELEASING = YES;
				CLANG_WARN_BOOL_CONVERSION = YES;
				CLANG_WARN_COMMA = YES;
				CLANG_WARN_CONSTANT_CONVERSION = YES;
				CLANG_WARN_DEPRECATED_OBJC_IMPLEMENTATIONS = YES;
				CLANG_WARN_DIRECT_OBJC_ISA_USAGE = YES_ERROR;
				CLANG_WARN_DOCUMENTATION_COMMENTS = YES;
				CLANG_WARN_EMPTY_BODY = YES;
				CLANG_WARN_ENUM_CONVERSION = YES;
				CLANG_WARN_INFINITE_RECURSION = YES;
				CLANG_WARN_INT_CONVERSION = YES;
				CLANG_WARN_NON_LITERAL_NULL_CONVERSION = YES;
				CLANG_WARN_OBJC_IMPLICIT_RETAIN_SELF = YES;
				CLANG_WARN_OBJC_LITERAL_CONVERSION = YES;
				CLANG_WARN_OBJC_ROOT_CLASS = YES_ERROR;
				CLANG_WARN_RANGE_LOOP_ANALYSIS = YES;
				CLANG_WARN_STRICT_PROTOTYPES = YES;
				CLANG_WARN_SUSPICIOUS_MOVE = YES;
				CLANG_WARN_UNGUARDED_AVAILABILITY = YES_AGGRESSIVE;
				CLANG_WARN_UNREACHABLE_CODE = YES;
				CLANG_WARN__DUPLICATE_METHOD_MATCH = YES;
				CODE_SIGN_IDENTITY = "iPhone Developer";
				COPY_PHASE_STRIP = NO;
				DEBUG_INFORMATION_FORMAT = dwarf;
				ENABLE_STRICT_OBJC_MSGSEND = YES;
				ENABLE_TESTABILITY = YES;
				GCC_C_LANGUAGE_STANDARD = gnu11;
				GCC_DYNAMIC_NO_PIC = NO;
				GCC_NO_COMMON_BLOCKS = YES;
				GCC_OPTIMIZATION_LEVEL = 0;
				GCC_PREPROCESSOR_DEFINITIONS = (
					"DEBUG=1",
					"$(inherited)",
				);
				GCC_WARN_64_TO_32_BIT_CONVERSION = YES;
				GCC_WARN_ABOUT_RETURN_TYPE = YES_ERROR;
				GCC_WARN_UNDECLARED_SELECTOR = YES;
				GCC_WARN_UNINITIALIZED_AUTOS = YES_AGGRESSIVE;
				GCC_WARN_UNUSED_FUNCTION = YES;
				GCC_WARN_UNUSED_VARIABLE = YES;
				IPHONEOS_DEPLOYMENT_TARGET = 12.1;
				MTL_ENABLE_DEBUG_INFO = INCLUDE_SOURCE;
				MTL_FAST_MATH = YES;
				ONLY_ACTIVE_ARCH = YES;
				SDKROOT = iphoneos;
				SWIFT_ACTIVE_COMPILATION_CONDITIONS = DEBUG;
				SWIFT_OPTIMIZATION_LEVEL = "-Onone";
			};
			name = Debug;
		};
		24A5836C21E9CF08009E6580 /* Release */ = {
			isa = XCBuildConfiguration;
			buildSettings = {
				ALWAYS_SEARCH_USER_PATHS = NO;
				CLANG_ANALYZER_NONNULL = YES;
				CLANG_ANALYZER_NUMBER_OBJECT_CONVERSION = YES_AGGRESSIVE;
				CLANG_CXX_LANGUAGE_STANDARD = "gnu++14";
				CLANG_CXX_LIBRARY = "libc++";
				CLANG_ENABLE_MODULES = YES;
				CLANG_ENABLE_OBJC_ARC = YES;
				CLANG_ENABLE_OBJC_WEAK = YES;
				CLANG_WARN_BLOCK_CAPTURE_AUTORELEASING = YES;
				CLANG_WARN_BOOL_CONVERSION = YES;
				CLANG_WARN_COMMA = YES;
				CLANG_WARN_CONSTANT_CONVERSION = YES;
				CLANG_WARN_DEPRECATED_OBJC_IMPLEMENTATIONS = YES;
				CLANG_WARN_DIRECT_OBJC_ISA_USAGE = YES_ERROR;
				CLANG_WARN_DOCUMENTATION_COMMENTS = YES;
				CLANG_WARN_EMPTY_BODY = YES;
				CLANG_WARN_ENUM_CONVERSION = YES;
				CLANG_WARN_INFINITE_RECURSION = YES;
				CLANG_WARN_INT_CONVERSION = YES;
				CLANG_WARN_NON_LITERAL_NULL_CONVERSION = YES;
				CLANG_WARN_OBJC_IMPLICIT_RETAIN_SELF = YES;
				CLANG_WARN_OBJC_LITERAL_CONVERSION = YES;
				CLANG_WARN_OBJC_ROOT_CLASS = YES_ERROR;
				CLANG_WARN_RANGE_LOOP_ANALYSIS = YES;
				CLANG_WARN_STRICT_PROTOTYPES = YES;
				CLANG_WARN_SUSPICIOUS_MOVE = YES;
				CLANG_WARN_UNGUARDED_AVAILABILITY = YES_AGGRESSIVE;
				CLANG_WARN_UNREACHABLE_CODE = YES;
				CLANG_WARN__DUPLICATE_METHOD_MATCH = YES;
				CODE_SIGN_IDENTITY = "iPhone Developer";
				COPY_PHASE_STRIP = NO;
				DEBUG_INFORMATION_FORMAT = "dwarf-with-dsym";
				ENABLE_NS_ASSERTIONS = NO;
				ENABLE_STRICT_OBJC_MSGSEND = YES;
				GCC_C_LANGUAGE_STANDARD = gnu11;
				GCC_NO_COMMON_BLOCKS = YES;
				GCC_WARN_64_TO_32_BIT_CONVERSION = YES;
				GCC_WARN_ABOUT_RETURN_TYPE = YES_ERROR;
				GCC_WARN_UNDECLARED_SELECTOR = YES;
				GCC_WARN_UNINITIALIZED_AUTOS = YES_AGGRESSIVE;
				GCC_WARN_UNUSED_FUNCTION = YES;
				GCC_WARN_UNUSED_VARIABLE = YES;
				IPHONEOS_DEPLOYMENT_TARGET = 12.1;
				MTL_ENABLE_DEBUG_INFO = NO;
				MTL_FAST_MATH = YES;
				SDKROOT = iphoneos;
				SWIFT_COMPILATION_MODE = wholemodule;
				SWIFT_OPTIMIZATION_LEVEL = "-O";
				VALIDATE_PRODUCT = YES;
			};
			name = Release;
		};
		24A5836E21E9CF08009E6580 /* Debug */ = {
			isa = XCBuildConfiguration;
			buildSettings = {
				ASSETCATALOG_COMPILER_APPICON_NAME = AppIcon;
				CODE_SIGN_STYLE = Automatic;
				DEVELOPMENT_TEAM = 42XU2434XC;
				INFOPLIST_FILE = NaviRootViewApp/Info.plist;
				LD_RUNPATH_SEARCH_PATHS = (
					"$(inherited)",
					"@executable_path/Frameworks",
				);
				PRODUCT_BUNDLE_IDENTIFIER = com.wong.NaviRootViewApp;
				PRODUCT_NAME = "$(TARGET_NAME)";
				SWIFT_VERSION = 4.2;
				TARGETED_DEVICE_FAMILY = "1,2";
			};
			name = Debug;
		};
		24A5836F21E9CF08009E6580 /* Release */ = {
			isa = XCBuildConfiguration;
			buildSettings = {
				ASSETCATALOG_COMPILER_APPICON_NAME = AppIcon;
				CODE_SIGN_STYLE = Automatic;
				DEVELOPMENT_TEAM = 42XU2434XC;
				INFOPLIST_FILE = NaviRootViewApp/Info.plist;
				LD_RUNPATH_SEARCH_PATHS = (
					"$(inherited)",
					"@executable_path/Frameworks",
				);
				PRODUCT_BUNDLE_IDENTIFIER = com.wong.NaviRootViewApp;
				PRODUCT_NAME = "$(TARGET_NAME)";
				SWIFT_VERSION = 4.2;
				TARGETED_DEVICE_FAMILY = "1,2";
			};
			name = Release;
		};
		24A5837121E9CF08009E6580 /* Debug */ = {
			isa = XCBuildConfiguration;
			buildSettings = {
				ALWAYS_EMBED_SWIFT_STANDARD_LIBRARIES = YES;
				BUNDLE_LOADER = "$(TEST_HOST)";
				CODE_SIGN_STYLE = Automatic;
				DEVELOPMENT_TEAM = 42XU2434XC;
				INFOPLIST_FILE = NaviRootViewAppTests/Info.plist;
				LD_RUNPATH_SEARCH_PATHS = (
					"$(inherited)",
					"@executable_path/Frameworks",
					"@loader_path/Frameworks",
				);
				PRODUCT_BUNDLE_IDENTIFIER = com.wong.NaviRootViewAppTests;
				PRODUCT_NAME = "$(TARGET_NAME)";
				SWIFT_VERSION = 4.2;
				TARGETED_DEVICE_FAMILY = "1,2";
				TEST_HOST = "$(BUILT_PRODUCTS_DIR)/NaviRootViewApp.app/NaviRootViewApp";
			};
			name = Debug;
		};
		24A5837221E9CF08009E6580 /* Release */ = {
			isa = XCBuildConfiguration;
			buildSettings = {
				ALWAYS_EMBED_SWIFT_STANDARD_LIBRARIES = YES;
				BUNDLE_LOADER = "$(TEST_HOST)";
				CODE_SIGN_STYLE = Automatic;
				DEVELOPMENT_TEAM = 42XU2434XC;
				INFOPLIST_FILE = NaviRootViewAppTests/Info.plist;
				LD_RUNPATH_SEARCH_PATHS = (
					"$(inherited)",
					"@executable_path/Frameworks",
					"@loader_path/Frameworks",
				);
				PRODUCT_BUNDLE_IDENTIFIER = com.wong.NaviRootViewAppTests;
				PRODUCT_NAME = "$(TARGET_NAME)";
				SWIFT_VERSION = 4.2;
				TARGETED_DEVICE_FAMILY = "1,2";
				TEST_HOST = "$(BUILT_PRODUCTS_DIR)/NaviRootViewApp.app/NaviRootViewApp";
			};
			name = Release;
		};
		24A5837421E9CF08009E6580 /* Debug */ = {
			isa = XCBuildConfiguration;
			buildSettings = {
				ALWAYS_EMBED_SWIFT_STANDARD_LIBRARIES = YES;
				CODE_SIGN_STYLE = Automatic;
				DEVELOPMENT_TEAM = 42XU2434XC;
				INFOPLIST_FILE = NaviRootViewAppUITests/Info.plist;
				LD_RUNPATH_SEARCH_PATHS = (
					"$(inherited)",
					"@executable_path/Frameworks",
					"@loader_path/Frameworks",
				);
				PRODUCT_BUNDLE_IDENTIFIER = com.wong.NaviRootViewAppUITests;
				PRODUCT_NAME = "$(TARGET_NAME)";
				SWIFT_VERSION = 4.2;
				TARGETED_DEVICE_FAMILY = "1,2";
				TEST_TARGET_NAME = NaviRootViewApp;
			};
			name = Debug;
		};
		24A5837521E9CF08009E6580 /* Release */ = {
			isa = XCBuildConfiguration;
			buildSettings = {
				ALWAYS_EMBED_SWIFT_STANDARD_LIBRARIES = YES;
				CODE_SIGN_STYLE = Automatic;
				DEVELOPMENT_TEAM = 42XU2434XC;
				INFOPLIST_FILE = NaviRootViewAppUITests/Info.plist;
				LD_RUNPATH_SEARCH_PATHS = (
					"$(inherited)",
					"@executable_path/Frameworks",
					"@loader_path/Frameworks",
				);
				PRODUCT_BUNDLE_IDENTIFIER = com.wong.NaviRootViewAppUITests;
				PRODUCT_NAME = "$(TARGET_NAME)";
				SWIFT_VERSION = 4.2;
				TARGETED_DEVICE_FAMILY = "1,2";
				TEST_TARGET_NAME = NaviRootViewApp;
			};
			name = Release;
		};
/* End XCBuildConfiguration section */

/* Begin XCConfigurationList section */
		24A5834021E9CF04009E6580 /* Build configuration list for PBXProject "NaviRootViewApp" */ = {
			isa = XCConfigurationList;
			buildConfigurations = (
				24A5836B21E9CF08009E6580 /* Debug */,
				24A5836C21E9CF08009E6580 /* Release */,
			);
			defaultConfigurationIsVisible = 0;
			defaultConfigurationName = Release;
		};
		24A5836D21E9CF08009E6580 /* Build configuration list for PBXNativeTarget "NaviRootViewApp" */ = {
			isa = XCConfigurationList;
			buildConfigurations = (
				24A5836E21E9CF08009E6580 /* Debug */,
				24A5836F21E9CF08009E6580 /* Release */,
			);
			defaultConfigurationIsVisible = 0;
			defaultConfigurationName = Release;
		};
		24A5837021E9CF08009E6580 /* Build configuration list for PBXNativeTarget "NaviRootViewAppTests" */ = {
			isa = XCConfigurationList;
			buildConfigurations = (
				24A5837121E9CF08009E6580 /* Debug */,
				24A5837221E9CF08009E6580 /* Release */,
			);
			defaultConfigurationIsVisible = 0;
			defaultConfigurationName = Release;
		};
		24A5837321E9CF08009E6580 /* Build configuration list for PBXNativeTarget "NaviRootViewAppUITests" */ = {
			isa = XCConfigurationList;
			buildConfigurations = (
				24A5837421E9CF08009E6580 /* Debug */,
				24A5837521E9CF08009E6580 /* Release */,
			);
			defaultConfigurationIsVisible = 0;
			defaultConfigurationName = Release;
		};
/* End XCConfigurationList section */
	};
	rootObject = 24A5833D21E9CF04009E6580 /* Project object */;
}
